
Microsoft Visual Studio Solution File, Format Version 12.00
# Visual Studio Version 16
VisualStudioVersion = 16.0.31025.194
MinimumVisualStudioVersion = 10.0.40219.1
Project("{FAE04EC0-301F-11D3-BF4B-00C04F79EFBC}") = "ExercicioAluno", "ExercicioAluno.csproj", "{7A8B745B-94AB-4C9F-BA2C-1F5E06CBE7A6}"
EndProject
Global
	GlobalSection(SolutionConfigurationPlatforms) = preSolution
		Debug|Any CPU = Debug|Any CPU
		Release|Any CPU = Release|Any CPU
	EndGlobalSection
	GlobalSection(ProjectConfigurationPlatforms) = postSolution
		{7A8B745B-94AB-4C9F-BA2C-1F5E06CBE7A6}.Debug|Any CPU.ActiveCfg = Debug|Any CPU
		{7A8B745B-94AB-4C9F-BA2C-1F5E06CBE7A6}.Debug|Any CPU.Build.0 = Debug|Any CPU
		{7A8B745B-94AB-4C9F-BA2C-1F5E06CBE7A6}.Release|Any CPU.ActiveCfg = Release|Any CPU
		{7A8B745B-94AB-4C9F-BA2C-1F5E06CBE7A6}.Release|Any CPU.Build.0 = Release|Any CPU
	EndGlobalSection
	GlobalSection(SolutionProperties) = preSolution
		HideSolutionNode = FALSE
	EndGlobalSection
	GlobalSection(ExtensibilityGlobals) = postSolution
		SolutionGuid = {BB1E1CC5-F326-4645-AF72-A4FC1CAC228C}
	EndGlobalSection
EndGlobal
